
Microsoft Visual Studio Solution File, Format Version 12.00
# Visual Studio Version 17
VisualStudioVersion = 17.8.34330.188
MinimumVisualStudioVersion = 10.0.40219.1
Project("{FAE04EC0-301F-11D3-BF4B-00C04F79EFBC}") = "EmployerPortal", "EmployerPortal\EmployerPortal.csproj", "{D0F69FEE-EF1D-491A-BCE4-A29125C4732B}"
EndProject
Project("{FAE04EC0-301F-11D3-BF4B-00C04F79EFBC}") = "EmployerPortal.Services", "EmployerPortal.Service\EmployerPortal.Services.csproj", "{79976F1B-0D32-4195-98D7-488E5114B3F4}"
EndProject
Project("{FAE04EC0-301F-11D3-BF4B-00C04F79EFBC}") = "EmployerPortal.Entities", "EmployerPortal.Entities\EmployerPortal.Entities.csproj", "{BF62753A-E9AD-4DCC-90B3-CD0B47BED2DD}"
EndProject
Project("{FAE04EC0-301F-11D3-BF4B-00C04F79EFBC}") = "EmployerPortal.Data", "EmployerPortal.Data\EmployerPortal.Data.csproj", "{0B1286C1-9E12-4114-9300-C2A363AE97DB}"
EndProject
Global
	GlobalSection(SolutionConfigurationPlatforms) = preSolution
		Debug|Any CPU = Debug|Any CPU
		Release|Any CPU = Release|Any CPU
	EndGlobalSection
	GlobalSection(ProjectConfigurationPlatforms) = postSolution
		{D0F69FEE-EF1D-491A-BCE4-A29125C4732B}.Debug|Any CPU.ActiveCfg = Debug|Any CPU
		{D0F69FEE-EF1D-491A-BCE4-A29125C4732B}.Debug|Any CPU.Build.0 = Debug|Any CPU
		{D0F69FEE-EF1D-491A-BCE4-A29125C4732B}.Release|Any CPU.ActiveCfg = Release|Any CPU
		{D0F69FEE-EF1D-491A-BCE4-A29125C4732B}.Release|Any CPU.Build.0 = Release|Any CPU
		{79976F1B-0D32-4195-98D7-488E5114B3F4}.Debug|Any CPU.ActiveCfg = Debug|Any CPU
		{79976F1B-0D32-4195-98D7-488E5114B3F4}.Debug|Any CPU.Build.0 = Debug|Any CPU
		{79976F1B-0D32-4195-98D7-488E5114B3F4}.Release|Any CPU.ActiveCfg = Release|Any CPU
		{79976F1B-0D32-4195-98D7-488E5114B3F4}.Release|Any CPU.Build.0 = Release|Any CPU
		{BF62753A-E9AD-4DCC-90B3-CD0B47BED2DD}.Debug|Any CPU.ActiveCfg = Debug|Any CPU
		{BF62753A-E9AD-4DCC-90B3-CD0B47BED2DD}.Debug|Any CPU.Build.0 = Debug|Any CPU
		{BF62753A-E9AD-4DCC-90B3-CD0B47BED2DD}.Release|Any CPU.ActiveCfg = Release|Any CPU
		{BF62753A-E9AD-4DCC-90B3-CD0B47BED2DD}.Release|Any CPU.Build.0 = Release|Any CPU
		{0B1286C1-9E12-4114-9300-C2A363AE97DB}.Debug|Any CPU.ActiveCfg = Debug|Any CPU
		{0B1286C1-9E12-4114-9300-C2A363AE97DB}.Debug|Any CPU.Build.0 = Debug|Any CPU
		{0B1286C1-9E12-4114-9300-C2A363AE97DB}.Release|Any CPU.ActiveCfg = Release|Any CPU
		{0B1286C1-9E12-4114-9300-C2A363AE97DB}.Release|Any CPU.Build.0 = Release|Any CPU
	EndGlobalSection
	GlobalSection(SolutionProperties) = preSolution
		HideSolutionNode = FALSE
	EndGlobalSection
	GlobalSection(ExtensibilityGlobals) = postSolution
		SolutionGuid = {0F3F3798-3BFB-454D-95BD-E7E8454BD75C}
	EndGlobalSection
EndGlobal
